
Microsoft Visual Studio Solution File, Format Version 12.00
# Visual Studio 14
VisualStudioVersion = 14.0.25420.1
MinimumVisualStudioVersion = 10.0.40219.1
Project("{FAE04EC0-301F-11D3-BF4B-00C04F79EFBC}") = "E3Series.Wrapper", "E3Series.Wrapper\E3Series.Wrapper.csproj", "{88C2F944-148E-46E2-B749-61AE3F48AA08}"
EndProject
Project("{FAE04EC0-301F-11D3-BF4B-00C04F79EFBC}") = "E3Series.Wrapper.SelectionDialog.WPF", "E3Series.Wrapper.SelectionDialog.WPF\E3Series.Wrapper.SelectionDialog.WPF.csproj", "{B95A7153-AE19-4D3F-BD95-77029E76381B}"
EndProject
Project("{FAE04EC0-301F-11D3-BF4B-00C04F79EFBC}") = "E3Series.Wrapper.Demo", "E3Series.Wrapper.Demo\E3Series.Wrapper.Demo.csproj", "{4CE8CF6F-1362-4806-A6B1-FF4C0A134232}"
EndProject
Global
	GlobalSection(SolutionConfigurationPlatforms) = preSolution
		Debug|Any CPU = Debug|Any CPU
		Release|Any CPU = Release|Any CPU
	EndGlobalSection
	GlobalSection(ProjectConfigurationPlatforms) = postSolution
		{88C2F944-148E-46E2-B749-61AE3F48AA08}.Debug|Any CPU.ActiveCfg = Debug|Any CPU
		{88C2F944-148E-46E2-B749-61AE3F48AA08}.Debug|Any CPU.Build.0 = Debug|Any CPU
		{88C2F944-148E-46E2-B749-61AE3F48AA08}.Release|Any CPU.ActiveCfg = Release|Any CPU
		{88C2F944-148E-46E2-B749-61AE3F48AA08}.Release|Any CPU.Build.0 = Release|Any CPU
		{B95A7153-AE19-4D3F-BD95-77029E76381B}.Debug|Any CPU.ActiveCfg = Debug|Any CPU
		{B95A7153-AE19-4D3F-BD95-77029E76381B}.Debug|Any CPU.Build.0 = Debug|Any CPU
		{B95A7153-AE19-4D3F-BD95-77029E76381B}.Release|Any CPU.ActiveCfg = Release|Any CPU
		{B95A7153-AE19-4D3F-BD95-77029E76381B}.Release|Any CPU.Build.0 = Release|Any CPU
		{4CE8CF6F-1362-4806-A6B1-FF4C0A134232}.Debug|Any CPU.ActiveCfg = Debug|Any CPU
		{4CE8CF6F-1362-4806-A6B1-FF4C0A134232}.Debug|Any CPU.Build.0 = Debug|Any CPU
		{4CE8CF6F-1362-4806-A6B1-FF4C0A134232}.Release|Any CPU.ActiveCfg = Release|Any CPU
		{4CE8CF6F-1362-4806-A6B1-FF4C0A134232}.Release|Any CPU.Build.0 = Release|Any CPU
	EndGlobalSection
	GlobalSection(SolutionProperties) = preSolution
		HideSolutionNode = FALSE
	EndGlobalSection
EndGlobal
